
Microsoft Visual Studio Solution File, Format Version 12.00
# Visual Studio Version 16
VisualStudioVersion = 16.0.32407.337
MinimumVisualStudioVersion = 10.0.40219.1
Project("{9A19103F-16F7-4668-BE54-9A1E7A4F7556}") = "SystemLoggerAPI", "SystemLoggerAPI\SystemLoggerAPI.csproj", "{A0CF777F-6EF1-40CE-A862-2DAAB254215E}"
EndProject
Project("{FAE04EC0-301F-11D3-BF4B-00C04F79EFBC}") = "SystemLoggerAPI.UnitTest", "SystemLoggerAPI.UnitTest\SystemLoggerAPI.UnitTest.csproj", "{03F89130-EF9C-47E9-8216-621F07CA069E}"
EndProject
Project("{FAE04EC0-301F-11D3-BF4B-00C04F79EFBC}") = "SystemLoggerAPI.AcceptenceTest", "SystemLoggerAPI.AcceptenceTest\SystemLoggerAPI.AcceptenceTest.csproj", "{EF869432-64E2-4B97-826D-AD8EAB89BEFB}"
EndProject
Global
	GlobalSection(SolutionConfigurationPlatforms) = preSolution
		Debug|Any CPU = Debug|Any CPU
		Release|Any CPU = Release|Any CPU
	EndGlobalSection
	GlobalSection(ProjectConfigurationPlatforms) = postSolution
		{A0CF777F-6EF1-40CE-A862-2DAAB254215E}.Debug|Any CPU.ActiveCfg = Debug|Any CPU
		{A0CF777F-6EF1-40CE-A862-2DAAB254215E}.Debug|Any CPU.Build.0 = Debug|Any CPU
		{A0CF777F-6EF1-40CE-A862-2DAAB254215E}.Release|Any CPU.ActiveCfg = Release|Any CPU
		{A0CF777F-6EF1-40CE-A862-2DAAB254215E}.Release|Any CPU.Build.0 = Release|Any CPU
		{03F89130-EF9C-47E9-8216-621F07CA069E}.Debug|Any CPU.ActiveCfg = Debug|Any CPU
		{03F89130-EF9C-47E9-8216-621F07CA069E}.Debug|Any CPU.Build.0 = Debug|Any CPU
		{03F89130-EF9C-47E9-8216-621F07CA069E}.Release|Any CPU.ActiveCfg = Release|Any CPU
		{03F89130-EF9C-47E9-8216-621F07CA069E}.Release|Any CPU.Build.0 = Release|Any CPU
		{EF869432-64E2-4B97-826D-AD8EAB89BEFB}.Debug|Any CPU.ActiveCfg = Debug|Any CPU
		{EF869432-64E2-4B97-826D-AD8EAB89BEFB}.Debug|Any CPU.Build.0 = Debug|Any CPU
		{EF869432-64E2-4B97-826D-AD8EAB89BEFB}.Release|Any CPU.ActiveCfg = Release|Any CPU
		{EF869432-64E2-4B97-826D-AD8EAB89BEFB}.Release|Any CPU.Build.0 = Release|Any CPU
	EndGlobalSection
	GlobalSection(SolutionProperties) = preSolution
		HideSolutionNode = FALSE
	EndGlobalSection
	GlobalSection(ExtensibilityGlobals) = postSolution
		SolutionGuid = {6CCA7A8A-0DBC-42FA-BF89-3897201A235C}
	EndGlobalSection
EndGlobal
